
Microsoft Visual Studio Solution File, Format Version 12.00
# Visual Studio 14
VisualStudioVersion = 14.0.25123.0
MinimumVisualStudioVersion = 10.0.40219.1
Project("{FAE04EC0-301F-11D3-BF4B-00C04F79EFBC}") = "ADTSReader", "ADTSReader\ADTSReader.csproj", "{557DCFF9-CF0B-4E1B-8024-3ED53B739526}"
EndProject
Project("{FAE04EC0-301F-11D3-BF4B-00C04F79EFBC}") = "ADTSView", "ADTSView\ADTSView.csproj", "{57B33EFB-7485-4495-86C5-1748CB0A65AD}"
EndProject
Global
	GlobalSection(SolutionConfigurationPlatforms) = preSolution
		Debug|Any CPU = Debug|Any CPU
		Release|Any CPU = Release|Any CPU
	EndGlobalSection
	GlobalSection(ProjectConfigurationPlatforms) = postSolution
		{557DCFF9-CF0B-4E1B-8024-3ED53B739526}.Debug|Any CPU.ActiveCfg = Debug|Any CPU
		{557DCFF9-CF0B-4E1B-8024-3ED53B739526}.Debug|Any CPU.Build.0 = Debug|Any CPU
		{557DCFF9-CF0B-4E1B-8024-3ED53B739526}.Release|Any CPU.ActiveCfg = Release|Any CPU
		{557DCFF9-CF0B-4E1B-8024-3ED53B739526}.Release|Any CPU.Build.0 = Release|Any CPU
		{57B33EFB-7485-4495-86C5-1748CB0A65AD}.Debug|Any CPU.ActiveCfg = Debug|Any CPU
		{57B33EFB-7485-4495-86C5-1748CB0A65AD}.Debug|Any CPU.Build.0 = Debug|Any CPU
		{57B33EFB-7485-4495-86C5-1748CB0A65AD}.Release|Any CPU.ActiveCfg = Release|Any CPU
		{57B33EFB-7485-4495-86C5-1748CB0A65AD}.Release|Any CPU.Build.0 = Release|Any CPU
	EndGlobalSection
	GlobalSection(SolutionProperties) = preSolution
		HideSolutionNode = FALSE
	EndGlobalSection
EndGlobal
